// !$*UTF8*$!
{
	archiveVersion = 1;
	classes = {
	};
	objectVersion = 56;
	objects = {

/* Begin PBXBuildFile section */
		C83477122D6E12AC006ED330 /* AppDelegate.swift in Sources */ = {isa = PBXBuildFile; fileRef = C83477112D6E12AC006ED330 /* AppDelegate.swift */; };
		C834771E2D6E12AD006ED330 /* LaunchScreen.storyboard in Resources */ = {isa = PBXBuildFile; fileRef = C834771C2D6E12AD006ED330 /* LaunchScreen.storyboard */; };
		C83477272D6E1416006ED330 /* RegistrationViewController.swift in Sources */ = {isa = PBXBuildFile; fileRef = C83477262D6E1416006ED330 /* RegistrationViewController.swift */; };
		C83477292D6E1425006ED330 /* LoginViewController.swift in Sources */ = {isa = PBXBuildFile; fileRef = C83477282D6E1425006ED330 /* LoginViewController.swift */; };
		C834772B2D6E1A79006ED330 /* CustomTextField.swift in Sources */ = {isa = PBXBuildFile; fileRef = C834772A2D6E1A79006ED330 /* CustomTextField.swift */; };
		C834772D2D6E22A3006ED330 /* CustomButton.swift in Sources */ = {isa = PBXBuildFile; fileRef = C834772C2D6E22A3006ED330 /* CustomButton.swift */; };
		C834772F2D6E2574006ED330 /* DividerView.swift in Sources */ = {isa = PBXBuildFile; fileRef = C834772E2D6E2574006ED330 /* DividerView.swift */; };
		C83477322D6E2834006ED330 /* ImageAssets.swift in Sources */ = {isa = PBXBuildFile; fileRef = C83477312D6E2834006ED330 /* ImageAssets.swift */; };
		C83477352D6E3A64006ED330 /* HomeViewController.swift in Sources */ = {isa = PBXBuildFile; fileRef = C83477342D6E3A64006ED330 /* HomeViewController.swift */; };
		C83477372D6E42F4006ED330 /* SearchTextField.swift in Sources */ = {isa = PBXBuildFile; fileRef = C83477362D6E42F4006ED330 /* SearchTextField.swift */; };
		C83477392D6EB985006ED330 /* RecipeCell.swift in Sources */ = {isa = PBXBuildFile; fileRef = C83477382D6EB985006ED330 /* RecipeCell.swift */; };
		C834773E2D6F70F0006ED330 /* Recipe.swift in Sources */ = {isa = PBXBuildFile; fileRef = C834773D2D6F70F0006ED330 /* Recipe.swift */; };
		C83477432D6F715F006ED330 /* HomeViewModel.swift in Sources */ = {isa = PBXBuildFile; fileRef = C83477422D6F715F006ED330 /* HomeViewModel.swift */; };
		C83477452D6F86FC006ED330 /* DetailViewController.swift in Sources */ = {isa = PBXBuildFile; fileRef = C83477442D6F86FC006ED330 /* DetailViewController.swift */; };
		C83477472D6F8BF0006ED330 /* TextWithIcon.swift in Sources */ = {isa = PBXBuildFile; fileRef = C83477462D6F8BF0006ED330 /* TextWithIcon.swift */; };
		C83477492D6F8E95006ED330 /* Assets.xcassets in Resources */ = {isa = PBXBuildFile; fileRef = C83477482D6F8E95006ED330 /* Assets.xcassets */; };
		C834774B2D6F98F3006ED330 /* Ingridient.swift in Sources */ = {isa = PBXBuildFile; fileRef = C834774A2D6F98F3006ED330 /* Ingridient.swift */; };
		C834774D2D6F9BFC006ED330 /* IngridientCell.swift in Sources */ = {isa = PBXBuildFile; fileRef = C834774C2D6F9BFC006ED330 /* IngridientCell.swift */; };
		C83477512D70BC48006ED330 /* Resources.swift in Sources */ = {isa = PBXBuildFile; fileRef = C83477502D70BC48006ED330 /* Resources.swift */; };
		C83477532D70BC7D006ED330 /* TabBarViewController.swift in Sources */ = {isa = PBXBuildFile; fileRef = C83477522D70BC7D006ED330 /* TabBarViewController.swift */; };
		C83477552D70BCD2006ED330 /* ProfileViewController.swift in Sources */ = {isa = PBXBuildFile; fileRef = C83477542D70BCD2006ED330 /* ProfileViewController.swift */; };
		C83477572D70BCFA006ED330 /* FavoritesViewControler.swift in Sources */ = {isa = PBXBuildFile; fileRef = C83477562D70BCFA006ED330 /* FavoritesViewControler.swift */; };
		C89B86E42D70C65400C175CB /* SearchViewController.swift in Sources */ = {isa = PBXBuildFile; fileRef = C89B86E32D70C65400C175CB /* SearchViewController.swift */; };
		C89B86E62D714C5600C175CB /* RecipeTableViewCell.swift in Sources */ = {isa = PBXBuildFile; fileRef = C89B86E52D714C5600C175CB /* RecipeTableViewCell.swift */; };
		C89B86E92D715D4100C175CB /* ApiService.swift in Sources */ = {isa = PBXBuildFile; fileRef = C89B86E82D715D4100C175CB /* ApiService.swift */; };
		C89B86EB2D7186F100C175CB /* TableViewCellModel.swift in Sources */ = {isa = PBXBuildFile; fileRef = C89B86EA2D7186F100C175CB /* TableViewCellModel.swift */; };
		C89B86ED2D71870700C175CB /* CollectionViewCellModel.swift in Sources */ = {isa = PBXBuildFile; fileRef = C89B86EC2D71870700C175CB /* CollectionViewCellModel.swift */; };
		C89B86F32D722C4800C175CB /* UIImageView + Extension.swift in Sources */ = {isa = PBXBuildFile; fileRef = C89B86F22D722C4800C175CB /* UIImageView + Extension.swift */; };
		C89B86F72D7291D600C175CB /* Coordinator.swift in Sources */ = {isa = PBXBuildFile; fileRef = C89B86F62D7291D600C175CB /* Coordinator.swift */; };
		C89B86F92D72922800C175CB /* MainCoordinator.swift in Sources */ = {isa = PBXBuildFile; fileRef = C89B86F82D72922800C175CB /* MainCoordinator.swift */; };
		C89B86FB2D7298F000C175CB /* TabBarCoordinator.swift in Sources */ = {isa = PBXBuildFile; fileRef = C89B86FA2D7298F000C175CB /* TabBarCoordinator.swift */; };
		C89B86FD2D729BDE00C175CB /* HomeCoordinator.swift in Sources */ = {isa = PBXBuildFile; fileRef = C89B86FC2D729BDE00C175CB /* HomeCoordinator.swift */; };
		C89B86FF2D729C0100C175CB /* SearchCoordinator.swift in Sources */ = {isa = PBXBuildFile; fileRef = C89B86FE2D729C0100C175CB /* SearchCoordinator.swift */; };
		C89B87012D729C1500C175CB /* FavoritesCoordinator.swift in Sources */ = {isa = PBXBuildFile; fileRef = C89B87002D729C1500C175CB /* FavoritesCoordinator.swift */; };
		C89B87032D729C2200C175CB /* ProfileCoordinator.swift in Sources */ = {isa = PBXBuildFile; fileRef = C89B87022D729C2200C175CB /* ProfileCoordinator.swift */; };
/* End PBXBuildFile section */

/* Begin PBXFileReference section */
		C834770E2D6E12AC006ED330 /* SmartMeal.app */ = {isa = PBXFileReference; explicitFileType = wrapper.application; includeInIndex = 0; path = SmartMeal.app; sourceTree = BUILT_PRODUCTS_DIR; };
		C83477112D6E12AC006ED330 /* AppDelegate.swift */ = {isa = PBXFileReference; lastKnownFileType = sourcecode.swift; path = AppDelegate.swift; sourceTree = "<group>"; };
		C834771D2D6E12AD006ED330 /* Base */ = {isa = PBXFileReference; lastKnownFileType = file.storyboard; name = Base; path = Base.lproj/LaunchScreen.storyboard; sourceTree = "<group>"; };
		C834771F2D6E12AD006ED330 /* Info.plist */ = {isa = PBXFileReference; lastKnownFileType = text.plist.xml; path = Info.plist; sourceTree = "<group>"; };
		C83477262D6E1416006ED330 /* RegistrationViewController.swift */ = {isa = PBXFileReference; lastKnownFileType = sourcecode.swift; path = RegistrationViewController.swift; sourceTree = "<group>"; };
		C83477282D6E1425006ED330 /* LoginViewController.swift */ = {isa = PBXFileReference; lastKnownFileType = sourcecode.swift; path = LoginViewController.swift; sourceTree = "<group>"; };
		C834772A2D6E1A79006ED330 /* CustomTextField.swift */ = {isa = PBXFileReference; lastKnownFileType = sourcecode.swift; path = CustomTextField.swift; sourceTree = "<group>"; };
		C834772C2D6E22A3006ED330 /* CustomButton.swift */ = {isa = PBXFileReference; lastKnownFileType = sourcecode.swift; path = CustomButton.swift; sourceTree = "<group>"; };
		C834772E2D6E2574006ED330 /* DividerView.swift */ = {isa = PBXFileReference; lastKnownFileType = sourcecode.swift; path = DividerView.swift; sourceTree = "<group>"; };
		C83477312D6E2834006ED330 /* ImageAssets.swift */ = {isa = PBXFileReference; lastKnownFileType = sourcecode.swift; path = ImageAssets.swift; sourceTree = "<group>"; };
		C83477342D6E3A64006ED330 /* HomeViewController.swift */ = {isa = PBXFileReference; lastKnownFileType = sourcecode.swift; path = HomeViewController.swift; sourceTree = "<group>"; };
		C83477362D6E42F4006ED330 /* SearchTextField.swift */ = {isa = PBXFileReference; lastKnownFileType = sourcecode.swift; path = SearchTextField.swift; sourceTree = "<group>"; };
		C83477382D6EB985006ED330 /* RecipeCell.swift */ = {isa = PBXFileReference; lastKnownFileType = sourcecode.swift; path = RecipeCell.swift; sourceTree = "<group>"; };
		C834773D2D6F70F0006ED330 /* Recipe.swift */ = {isa = PBXFileReference; lastKnownFileType = sourcecode.swift; path = Recipe.swift; sourceTree = "<group>"; };
		C83477422D6F715F006ED330 /* HomeViewModel.swift */ = {isa = PBXFileReference; lastKnownFileType = sourcecode.swift; path = HomeViewModel.swift; sourceTree = "<group>"; };
		C83477442D6F86FC006ED330 /* DetailViewController.swift */ = {isa = PBXFileReference; lastKnownFileType = sourcecode.swift; path = DetailViewController.swift; sourceTree = "<group>"; };
		C83477462D6F8BF0006ED330 /* TextWithIcon.swift */ = {isa = PBXFileReference; lastKnownFileType = sourcecode.swift; path = TextWithIcon.swift; sourceTree = "<group>"; };
		C83477482D6F8E95006ED330 /* Assets.xcassets */ = {isa = PBXFileReference; lastKnownFileType = folder.assetcatalog; path = Assets.xcassets; sourceTree = "<group>"; };
		C834774A2D6F98F3006ED330 /* Ingridient.swift */ = {isa = PBXFileReference; lastKnownFileType = sourcecode.swift; path = Ingridient.swift; sourceTree = "<group>"; };
		C834774C2D6F9BFC006ED330 /* IngridientCell.swift */ = {isa = PBXFileReference; lastKnownFileType = sourcecode.swift; path = IngridientCell.swift; sourceTree = "<group>"; };
		C83477502D70BC48006ED330 /* Resources.swift */ = {isa = PBXFileReference; lastKnownFileType = sourcecode.swift; path = Resources.swift; sourceTree = "<group>"; };
		C83477522D70BC7D006ED330 /* TabBarViewController.swift */ = {isa = PBXFileReference; lastKnownFileType = sourcecode.swift; path = TabBarViewController.swift; sourceTree = "<group>"; };
		C83477542D70BCD2006ED330 /* ProfileViewController.swift */ = {isa = PBXFileReference; lastKnownFileType = sourcecode.swift; path = ProfileViewController.swift; sourceTree = "<group>"; };
		C83477562D70BCFA006ED330 /* FavoritesViewControler.swift */ = {isa = PBXFileReference; lastKnownFileType = sourcecode.swift; path = FavoritesViewControler.swift; sourceTree = "<group>"; };
		C89B86E32D70C65400C175CB /* SearchViewController.swift */ = {isa = PBXFileReference; lastKnownFileType = sourcecode.swift; path = SearchViewController.swift; sourceTree = "<group>"; };
		C89B86E52D714C5600C175CB /* RecipeTableViewCell.swift */ = {isa = PBXFileReference; lastKnownFileType = sourcecode.swift; path = RecipeTableViewCell.swift; sourceTree = "<group>"; };
		C89B86E82D715D4100C175CB /* ApiService.swift */ = {isa = PBXFileReference; lastKnownFileType = sourcecode.swift; path = ApiService.swift; sourceTree = "<group>"; };
		C89B86EA2D7186F100C175CB /* TableViewCellModel.swift */ = {isa = PBXFileReference; lastKnownFileType = sourcecode.swift; path = TableViewCellModel.swift; sourceTree = "<group>"; };
		C89B86EC2D71870700C175CB /* CollectionViewCellModel.swift */ = {isa = PBXFileReference; lastKnownFileType = sourcecode.swift; path = CollectionViewCellModel.swift; sourceTree = "<group>"; };
		C89B86F22D722C4800C175CB /* UIImageView + Extension.swift */ = {isa = PBXFileReference; lastKnownFileType = sourcecode.swift; path = "UIImageView + Extension.swift"; sourceTree = "<group>"; };
		C89B86F62D7291D600C175CB /* Coordinator.swift */ = {isa = PBXFileReference; lastKnownFileType = sourcecode.swift; path = Coordinator.swift; sourceTree = "<group>"; };
		C89B86F82D72922800C175CB /* MainCoordinator.swift */ = {isa = PBXFileReference; lastKnownFileType = sourcecode.swift; path = MainCoordinator.swift; sourceTree = "<group>"; };
		C89B86FA2D7298F000C175CB /* TabBarCoordinator.swift */ = {isa = PBXFileReference; lastKnownFileType = sourcecode.swift; path = TabBarCoordinator.swift; sourceTree = "<group>"; };
		C89B86FC2D729BDE00C175CB /* HomeCoordinator.swift */ = {isa = PBXFileReference; lastKnownFileType = sourcecode.swift; path = HomeCoordinator.swift; sourceTree = "<group>"; };
		C89B86FE2D729C0100C175CB /* SearchCoordinator.swift */ = {isa = PBXFileReference; lastKnownFileType = sourcecode.swift; path = SearchCoordinator.swift; sourceTree = "<group>"; };
		C89B87002D729C1500C175CB /* FavoritesCoordinator.swift */ = {isa = PBXFileReference; lastKnownFileType = sourcecode.swift; path = FavoritesCoordinator.swift; sourceTree = "<group>"; };
		C89B87022D729C2200C175CB /* ProfileCoordinator.swift */ = {isa = PBXFileReference; lastKnownFileType = sourcecode.swift; path = ProfileCoordinator.swift; sourceTree = "<group>"; };
/* End PBXFileReference section */

/* Begin PBXFrameworksBuildPhase section */
		C834770B2D6E12AC006ED330 /* Frameworks */ = {
			isa = PBXFrameworksBuildPhase;
			buildActionMask = 2147483647;
			files = (
			);
			runOnlyForDeploymentPostprocessing = 0;
		};
/* End PBXFrameworksBuildPhase section */

/* Begin PBXGroup section */
		C83477052D6E12AC006ED330 = {
			isa = PBXGroup;
			children = (
				C83477102D6E12AC006ED330 /* SmartMeal */,
				C834770F2D6E12AC006ED330 /* Products */,
			);
			sourceTree = "<group>";
		};
		C834770F2D6E12AC006ED330 /* Products */ = {
			isa = PBXGroup;
			children = (
				C834770E2D6E12AC006ED330 /* SmartMeal.app */,
			);
			name = Products;
			sourceTree = "<group>";
		};
		C83477102D6E12AC006ED330 /* SmartMeal */ = {
			isa = PBXGroup;
			children = (
				C89B86F42D7291C000C175CB /* Coordinators */,
				C89B86F12D722C3300C175CB /* Extensions */,
				C89B86E72D715D3300C175CB /* Services */,
				C83477412D6F7152006ED330 /* ViewModels */,
				C834773C2D6F70DD006ED330 /* Models */,
				C83477302D6E2820006ED330 /* Resources */,
				C83477252D6E13DF006ED330 /* Views */,
				C83477112D6E12AC006ED330 /* AppDelegate.swift */,
				C834771C2D6E12AD006ED330 /* LaunchScreen.storyboard */,
				C834771F2D6E12AD006ED330 /* Info.plist */,
				C83477482D6F8E95006ED330 /* Assets.xcassets */,
			);
			path = SmartMeal;
			sourceTree = "<group>";
		};
		C83477252D6E13DF006ED330 /* Views */ = {
			isa = PBXGroup;
			children = (
				C83477562D70BCFA006ED330 /* FavoritesViewControler.swift */,
				C83477332D6E319A006ED330 /* Components */,
				C83477262D6E1416006ED330 /* RegistrationViewController.swift */,
				C83477282D6E1425006ED330 /* LoginViewController.swift */,
				C83477342D6E3A64006ED330 /* HomeViewController.swift */,
				C83477442D6F86FC006ED330 /* DetailViewController.swift */,
				C83477522D70BC7D006ED330 /* TabBarViewController.swift */,
				C83477542D70BCD2006ED330 /* ProfileViewController.swift */,
				C89B86E32D70C65400C175CB /* SearchViewController.swift */,
			);
			path = Views;
			sourceTree = "<group>";
		};
		C83477302D6E2820006ED330 /* Resources */ = {
			isa = PBXGroup;
			children = (
				C83477312D6E2834006ED330 /* ImageAssets.swift */,
				C83477502D70BC48006ED330 /* Resources.swift */,
			);
			path = Resources;
			sourceTree = "<group>";
		};
		C83477332D6E319A006ED330 /* Components */ = {
			isa = PBXGroup;
			children = (
				C834772A2D6E1A79006ED330 /* CustomTextField.swift */,
				C834772C2D6E22A3006ED330 /* CustomButton.swift */,
				C834772E2D6E2574006ED330 /* DividerView.swift */,
				C83477362D6E42F4006ED330 /* SearchTextField.swift */,
				C83477382D6EB985006ED330 /* RecipeCell.swift */,
				C83477462D6F8BF0006ED330 /* TextWithIcon.swift */,
				C834774C2D6F9BFC006ED330 /* IngridientCell.swift */,
				C89B86E52D714C5600C175CB /* RecipeTableViewCell.swift */,
			);
			path = Components;
			sourceTree = "<group>";
		};
		C834773C2D6F70DD006ED330 /* Models */ = {
			isa = PBXGroup;
			children = (
				C834773D2D6F70F0006ED330 /* Recipe.swift */,
				C834774A2D6F98F3006ED330 /* Ingridient.swift */,
			);
			path = Models;
			sourceTree = "<group>";
		};
		C83477412D6F7152006ED330 /* ViewModels */ = {
			isa = PBXGroup;
			children = (
				C83477422D6F715F006ED330 /* HomeViewModel.swift */,
				C89B86EA2D7186F100C175CB /* TableViewCellModel.swift */,
				C89B86EC2D71870700C175CB /* CollectionViewCellModel.swift */,
			);
			path = ViewModels;
			sourceTree = "<group>";
		};
		C89B86E72D715D3300C175CB /* Services */ = {
			isa = PBXGroup;
			children = (
				C89B86E82D715D4100C175CB /* ApiService.swift */,
			);
			path = Services;
			sourceTree = "<group>";
		};
		C89B86F12D722C3300C175CB /* Extensions */ = {
			isa = PBXGroup;
			children = (
				C89B86F22D722C4800C175CB /* UIImageView + Extension.swift */,
			);
			path = Extensions;
			sourceTree = "<group>";
		};
		C89B86F42D7291C000C175CB /* Coordinators */ = {
			isa = PBXGroup;
			children = (
				C89B86F52D7291C800C175CB /* Protocols */,
				C89B86F82D72922800C175CB /* MainCoordinator.swift */,
				C89B86FE2D729C0100C175CB /* SearchCoordinator.swift */,
				C89B87002D729C1500C175CB /* FavoritesCoordinator.swift */,
				C89B87022D729C2200C175CB /* ProfileCoordinator.swift */,
				C89B86FA2D7298F000C175CB /* TabBarCoordinator.swift */,
				C89B86FC2D729BDE00C175CB /* HomeCoordinator.swift */,
			);
			path = Coordinators;
			sourceTree = "<group>";
		};
		C89B86F52D7291C800C175CB /* Protocols */ = {
			isa = PBXGroup;
			children = (
				C89B86F62D7291D600C175CB /* Coordinator.swift */,
			);
			path = Protocols;
			sourceTree = "<group>";
		};
/* End PBXGroup section */

/* Begin PBXNativeTarget section */
		C834770D2D6E12AC006ED330 /* SmartMeal */ = {
			isa = PBXNativeTarget;
			buildConfigurationList = C83477222D6E12AD006ED330 /* Build configuration list for PBXNativeTarget "SmartMeal" */;
			buildPhases = (
				C834770A2D6E12AC006ED330 /* Sources */,
				C834770B2D6E12AC006ED330 /* Frameworks */,
				C834770C2D6E12AC006ED330 /* Resources */,
			);
			buildRules = (
			);
			dependencies = (
			);
			name = SmartMeal;
			productName = SmartMeal;
			productReference = C834770E2D6E12AC006ED330 /* SmartMeal.app */;
			productType = "com.apple.product-type.application";
		};
/* End PBXNativeTarget section */

/* Begin PBXProject section */
		C83477062D6E12AC006ED330 /* Project object */ = {
			isa = PBXProject;
			attributes = {
				BuildIndependentTargetsInParallel = 1;
				LastSwiftUpdateCheck = 1520;
				LastUpgradeCheck = 1520;
				TargetAttributes = {
					C834770D2D6E12AC006ED330 = {
						CreatedOnToolsVersion = 15.2;
					};
				};
			};
			buildConfigurationList = C83477092D6E12AC006ED330 /* Build configuration list for PBXProject "SmartMeal" */;
			compatibilityVersion = "Xcode 14.0";
			developmentRegion = en;
			hasScannedForEncodings = 0;
			knownRegions = (
				en,
				Base,
			);
			mainGroup = C83477052D6E12AC006ED330;
			productRefGroup = C834770F2D6E12AC006ED330 /* Products */;
			projectDirPath = "";
			projectRoot = "";
			targets = (
				C834770D2D6E12AC006ED330 /* SmartMeal */,
			);
		};
/* End PBXProject section */

/* Begin PBXResourcesBuildPhase section */
		C834770C2D6E12AC006ED330 /* Resources */ = {
			isa = PBXResourcesBuildPhase;
			buildActionMask = 2147483647;
			files = (
				C83477492D6F8E95006ED330 /* Assets.xcassets in Resources */,
				C834771E2D6E12AD006ED330 /* LaunchScreen.storyboard in Resources */,
			);
			runOnlyForDeploymentPostprocessing = 0;
		};
/* End PBXResourcesBuildPhase section */

/* Begin PBXSourcesBuildPhase section */
		C834770A2D6E12AC006ED330 /* Sources */ = {
			isa = PBXSourcesBuildPhase;
			buildActionMask = 2147483647;
			files = (
				C83477292D6E1425006ED330 /* LoginViewController.swift in Sources */,
				C89B86F92D72922800C175CB /* MainCoordinator.swift in Sources */,
				C83477272D6E1416006ED330 /* RegistrationViewController.swift in Sources */,
				C83477322D6E2834006ED330 /* ImageAssets.swift in Sources */,
				C89B86EB2D7186F100C175CB /* TableViewCellModel.swift in Sources */,
				C89B86FB2D7298F000C175CB /* TabBarCoordinator.swift in Sources */,
				C834773E2D6F70F0006ED330 /* Recipe.swift in Sources */,
				C83477532D70BC7D006ED330 /* TabBarViewController.swift in Sources */,
				C89B86FF2D729C0100C175CB /* SearchCoordinator.swift in Sources */,
				C834772F2D6E2574006ED330 /* DividerView.swift in Sources */,
				C834772D2D6E22A3006ED330 /* CustomButton.swift in Sources */,
				C89B86F72D7291D600C175CB /* Coordinator.swift in Sources */,
				C89B87012D729C1500C175CB /* FavoritesCoordinator.swift in Sources */,
				C89B86F32D722C4800C175CB /* UIImageView + Extension.swift in Sources */,
				C83477372D6E42F4006ED330 /* SearchTextField.swift in Sources */,
				C89B86ED2D71870700C175CB /* CollectionViewCellModel.swift in Sources */,
				C89B86E62D714C5600C175CB /* RecipeTableViewCell.swift in Sources */,
				C83477472D6F8BF0006ED330 /* TextWithIcon.swift in Sources */,
				C83477552D70BCD2006ED330 /* ProfileViewController.swift in Sources */,
				C89B86FD2D729BDE00C175CB /* HomeCoordinator.swift in Sources */,
				C834774D2D6F9BFC006ED330 /* IngridientCell.swift in Sources */,
				C83477512D70BC48006ED330 /* Resources.swift in Sources */,
				C89B87032D729C2200C175CB /* ProfileCoordinator.swift in Sources */,
				C834774B2D6F98F3006ED330 /* Ingridient.swift in Sources */,
				C83477392D6EB985006ED330 /* RecipeCell.swift in Sources */,
				C83477432D6F715F006ED330 /* HomeViewModel.swift in Sources */,
				C89B86E42D70C65400C175CB /* SearchViewController.swift in Sources */,
				C83477352D6E3A64006ED330 /* HomeViewController.swift in Sources */,
				C89B86E92D715D4100C175CB /* ApiService.swift in Sources */,
				C83477122D6E12AC006ED330 /* AppDelegate.swift in Sources */,
				C83477572D70BCFA006ED330 /* FavoritesViewControler.swift in Sources */,
				C834772B2D6E1A79006ED330 /* CustomTextField.swift in Sources */,
				C83477452D6F86FC006ED330 /* DetailViewController.swift in Sources */,
			);
			runOnlyForDeploymentPostprocessing = 0;
		};
/* End PBXSourcesBuildPhase section */

/* Begin PBXVariantGroup section */
		C834771C2D6E12AD006ED330 /* LaunchScreen.storyboard */ = {
			isa = PBXVariantGroup;
			children = (
				C834771D2D6E12AD006ED330 /* Base */,
			);
			name = LaunchScreen.storyboard;
			sourceTree = "<group>";
		};
/* End PBXVariantGroup section */

/* Begin XCBuildConfiguration section */
		C83477202D6E12AD006ED330 /* Debug */ = {
			isa = XCBuildConfiguration;
			buildSettings = {
				ALWAYS_SEARCH_USER_PATHS = NO;
				ASSETCATALOG_COMPILER_GENERATE_SWIFT_ASSET_SYMBOL_EXTENSIONS = YES;
				CLANG_ANALYZER_NONNULL = YES;
				CLANG_ANALYZER_NUMBER_OBJECT_CONVERSION = YES_AGGRESSIVE;
				CLANG_CXX_LANGUAGE_STANDARD = "gnu++20";
				CLANG_ENABLE_MODULES = YES;
				CLANG_ENABLE_OBJC_ARC = YES;
				CLANG_ENABLE_OBJC_WEAK = YES;
				CLANG_WARN_BLOCK_CAPTURE_AUTORELEASING = YES;
				CLANG_WARN_BOOL_CONVERSION = YES;
				CLANG_WARN_COMMA = YES;
				CLANG_WARN_CONSTANT_CONVERSION = YES;
				CLANG_WARN_DEPRECATED_OBJC_IMPLEMENTATIONS = YES;
				CLANG_WARN_DIRECT_OBJC_ISA_USAGE = YES_ERROR;
				CLANG_WARN_DOCUMENTATION_COMMENTS = YES;
				CLANG_WARN_EMPTY_BODY = YES;
				CLANG_WARN_ENUM_CONVERSION = YES;
				CLANG_WARN_INFINITE_RECURSION = YES;
				CLANG_WARN_INT_CONVERSION = YES;
				CLANG_WARN_NON_LITERAL_NULL_CONVERSION = YES;
				CLANG_WARN_OBJC_IMPLICIT_RETAIN_SELF = YES;
				CLANG_WARN_OBJC_LITERAL_CONVERSION = YES;
				CLANG_WARN_OBJC_ROOT_CLASS = YES_ERROR;
				CLANG_WARN_QUOTED_INCLUDE_IN_FRAMEWORK_HEADER = YES;
				CLANG_WARN_RANGE_LOOP_ANALYSIS = YES;
				CLANG_WARN_STRICT_PROTOTYPES = YES;
				CLANG_WARN_SUSPICIOUS_MOVE = YES;
				CLANG_WARN_UNGUARDED_AVAILABILITY = YES_AGGRESSIVE;
				CLANG_WARN_UNREACHABLE_CODE = YES;
				CLANG_WARN__DUPLICATE_METHOD_MATCH = YES;
				COPY_PHASE_STRIP = NO;
				DEBUG_INFORMATION_FORMAT = dwarf;
				ENABLE_STRICT_OBJC_MSGSEND = YES;
				ENABLE_TESTABILITY = YES;
				ENABLE_USER_SCRIPT_SANDBOXING = YES;
				GCC_C_LANGUAGE_STANDARD = gnu17;
				GCC_DYNAMIC_NO_PIC = NO;
				GCC_NO_COMMON_BLOCKS = YES;
				GCC_OPTIMIZATION_LEVEL = 0;
				GCC_PREPROCESSOR_DEFINITIONS = (
					"DEBUG=1",
					"$(inherited)",
				);
				GCC_WARN_64_TO_32_BIT_CONVERSION = YES;
				GCC_WARN_ABOUT_RETURN_TYPE = YES_ERROR;
				GCC_WARN_UNDECLARED_SELECTOR = YES;
				GCC_WARN_UNINITIALIZED_AUTOS = YES_AGGRESSIVE;
				GCC_WARN_UNUSED_FUNCTION = YES;
				GCC_WARN_UNUSED_VARIABLE = YES;
				IPHONEOS_DEPLOYMENT_TARGET = 17.2;
				LOCALIZATION_PREFERS_STRING_CATALOGS = YES;
				MTL_ENABLE_DEBUG_INFO = INCLUDE_SOURCE;
				MTL_FAST_MATH = YES;
				ONLY_ACTIVE_ARCH = YES;
				SDKROOT = iphoneos;
				SWIFT_ACTIVE_COMPILATION_CONDITIONS = "DEBUG $(inherited)";
				SWIFT_OPTIMIZATION_LEVEL = "-Onone";
			};
			name = Debug;
		};
		C83477212D6E12AD006ED330 /* Release */ = {
			isa = XCBuildConfiguration;
			buildSettings = {
				ALWAYS_SEARCH_USER_PATHS = NO;
				ASSETCATALOG_COMPILER_GENERATE_SWIFT_ASSET_SYMBOL_EXTENSIONS = YES;
				CLANG_ANALYZER_NONNULL = YES;
				CLANG_ANALYZER_NUMBER_OBJECT_CONVERSION = YES_AGGRESSIVE;
				CLANG_CXX_LANGUAGE_STANDARD = "gnu++20";
				CLANG_ENABLE_MODULES = YES;
				CLANG_ENABLE_OBJC_ARC = YES;
				CLANG_ENABLE_OBJC_WEAK = YES;
				CLANG_WARN_BLOCK_CAPTURE_AUTORELEASING = YES;
				CLANG_WARN_BOOL_CONVERSION = YES;
				CLANG_WARN_COMMA = YES;
				CLANG_WARN_CONSTANT_CONVERSION = YES;
				CLANG_WARN_DEPRECATED_OBJC_IMPLEMENTATIONS = YES;
				CLANG_WARN_DIRECT_OBJC_ISA_USAGE = YES_ERROR;
				CLANG_WARN_DOCUMENTATION_COMMENTS = YES;
				CLANG_WARN_EMPTY_BODY = YES;
				CLANG_WARN_ENUM_CONVERSION = YES;
				CLANG_WARN_INFINITE_RECURSION = YES;
				CLANG_WARN_INT_CONVERSION = YES;
				CLANG_WARN_NON_LITERAL_NULL_CONVERSION = YES;
				CLANG_WARN_OBJC_IMPLICIT_RETAIN_SELF = YES;
				CLANG_WARN_OBJC_LITERAL_CONVERSION = YES;
				CLANG_WARN_OBJC_ROOT_CLASS = YES_ERROR;
				CLANG_WARN_QUOTED_INCLUDE_IN_FRAMEWORK_HEADER = YES;
				CLANG_WARN_RANGE_LOOP_ANALYSIS = YES;
				CLANG_WARN_STRICT_PROTOTYPES = YES;
				CLANG_WARN_SUSPICIOUS_MOVE = YES;
				CLANG_WARN_UNGUARDED_AVAILABILITY = YES_AGGRESSIVE;
				CLANG_WARN_UNREACHABLE_CODE = YES;
				CLANG_WARN__DUPLICATE_METHOD_MATCH = YES;
				COPY_PHASE_STRIP = NO;
				DEBUG_INFORMATION_FORMAT = "dwarf-with-dsym";
				ENABLE_NS_ASSERTIONS = NO;
				ENABLE_STRICT_OBJC_MSGSEND = YES;
				ENABLE_USER_SCRIPT_SANDBOXING = YES;
				GCC_C_LANGUAGE_STANDARD = gnu17;
				GCC_NO_COMMON_BLOCKS = YES;
				GCC_WARN_64_TO_32_BIT_CONVERSION = YES;
				GCC_WARN_ABOUT_RETURN_TYPE = YES_ERROR;
				GCC_WARN_UNDECLARED_SELECTOR = YES;
				GCC_WARN_UNINITIALIZED_AUTOS = YES_AGGRESSIVE;
				GCC_WARN_UNUSED_FUNCTION = YES;
				GCC_WARN_UNUSED_VARIABLE = YES;
				IPHONEOS_DEPLOYMENT_TARGET = 17.2;
				LOCALIZATION_PREFERS_STRING_CATALOGS = YES;
				MTL_ENABLE_DEBUG_INFO = NO;
				MTL_FAST_MATH = YES;
				SDKROOT = iphoneos;
				SWIFT_COMPILATION_MODE = wholemodule;
				VALIDATE_PRODUCT = YES;
			};
			name = Release;
		};
		C83477232D6E12AD006ED330 /* Debug */ = {
			isa = XCBuildConfiguration;
			buildSettings = {
				ASSETCATALOG_COMPILER_APPICON_NAME = AppIcon;
				ASSETCATALOG_COMPILER_GLOBAL_ACCENT_COLOR_NAME = AccentColor;
				CODE_SIGN_STYLE = Automatic;
				CURRENT_PROJECT_VERSION = 1;
				GENERATE_INFOPLIST_FILE = YES;
				INFOPLIST_FILE = SmartMeal/Info.plist;
				INFOPLIST_KEY_UIApplicationSupportsIndirectInputEvents = YES;
				INFOPLIST_KEY_UILaunchStoryboardName = LaunchScreen;
				INFOPLIST_KEY_UIMainStoryboardFile = "";
				INFOPLIST_KEY_UISupportedInterfaceOrientations_iPad = "UIInterfaceOrientationPortrait UIInterfaceOrientationPortraitUpsideDown UIInterfaceOrientationLandscapeLeft UIInterfaceOrientationLandscapeRight";
				INFOPLIST_KEY_UISupportedInterfaceOrientations_iPhone = "UIInterfaceOrientationPortrait UIInterfaceOrientationLandscapeLeft UIInterfaceOrientationLandscapeRight";
				LD_RUNPATH_SEARCH_PATHS = (
					"$(inherited)",
					"@executable_path/Frameworks",
				);
				MARKETING_VERSION = 1.0;
				PRODUCT_BUNDLE_IDENTIFIER = kz.MyCompany.SmartMeal;
				PRODUCT_NAME = "$(TARGET_NAME)";
				SWIFT_EMIT_LOC_STRINGS = YES;
				SWIFT_VERSION = 5.0;
				TARGETED_DEVICE_FAMILY = "1,2";
			};
			name = Debug;
		};
		C83477242D6E12AD006ED330 /* Release */ = {
			isa = XCBuildConfiguration;
			buildSettings = {
				ASSETCATALOG_COMPILER_APPICON_NAME = AppIcon;
				ASSETCATALOG_COMPILER_GLOBAL_ACCENT_COLOR_NAME = AccentColor;
				CODE_SIGN_STYLE = Automatic;
				CURRENT_PROJECT_VERSION = 1;
				GENERATE_INFOPLIST_FILE = YES;
				INFOPLIST_FILE = SmartMeal/Info.plist;
				INFOPLIST_KEY_UIApplicationSupportsIndirectInputEvents = YES;
				INFOPLIST_KEY_UILaunchStoryboardName = LaunchScreen;
				INFOPLIST_KEY_UIMainStoryboardFile = "";
				INFOPLIST_KEY_UISupportedInterfaceOrientations_iPad = "UIInterfaceOrientationPortrait UIInterfaceOrientationPortraitUpsideDown UIInterfaceOrientationLandscapeLeft UIInterfaceOrientationLandscapeRight";
				INFOPLIST_KEY_UISupportedInterfaceOrientations_iPhone = "UIInterfaceOrientationPortrait UIInterfaceOrientationLandscapeLeft UIInterfaceOrientationLandscapeRight";
				LD_RUNPATH_SEARCH_PATHS = (
					"$(inherited)",
					"@executable_path/Frameworks",
				);
				MARKETING_VERSION = 1.0;
				PRODUCT_BUNDLE_IDENTIFIER = kz.MyCompany.SmartMeal;
				PRODUCT_NAME = "$(TARGET_NAME)";
				SWIFT_EMIT_LOC_STRINGS = YES;
				SWIFT_VERSION = 5.0;
				TARGETED_DEVICE_FAMILY = "1,2";
			};
			name = Release;
		};
/* End XCBuildConfiguration section */

/* Begin XCConfigurationList section */
		C83477092D6E12AC006ED330 /* Build configuration list for PBXProject "SmartMeal" */ = {
			isa = XCConfigurationList;
			buildConfigurations = (
				C83477202D6E12AD006ED330 /* Debug */,
				C83477212D6E12AD006ED330 /* Release */,
			);
			defaultConfigurationIsVisible = 0;
			defaultConfigurationName = Release;
		};
		C83477222D6E12AD006ED330 /* Build configuration list for PBXNativeTarget "SmartMeal" */ = {
			isa = XCConfigurationList;
			buildConfigurations = (
				C83477232D6E12AD006ED330 /* Debug */,
				C83477242D6E12AD006ED330 /* Release */,
			);
			defaultConfigurationIsVisible = 0;
			defaultConfigurationName = Release;
		};
/* End XCConfigurationList section */
	};
	rootObject = C83477062D6E12AC006ED330 /* Project object */;
}
